// !$*UTF8*$!
{
	archiveVersion = 1;
	classes = {
	};
	objectVersion = 50;
	objects = {

/* Begin PBXBuildFile section */
		027A08C22318248300B0DF59 /* AppDelegate.swift in Sources */ = {isa = PBXBuildFile; fileRef = 027A08C12318248300B0DF59 /* AppDelegate.swift */; };
		027A08C42318248300B0DF59 /* SceneDelegate.swift in Sources */ = {isa = PBXBuildFile; fileRef = 027A08C32318248300B0DF59 /* SceneDelegate.swift */; };
		027A08CC2318248300B0DF59 /* TBG2.xcdatamodeld in Sources */ = {isa = PBXBuildFile; fileRef = 027A08CA2318248300B0DF59 /* TBG2.xcdatamodeld */; };
		027A08CE2318248900B0DF59 /* Assets.xcassets in Resources */ = {isa = PBXBuildFile; fileRef = 027A08CD2318248900B0DF59 /* Assets.xcassets */; };
		027A08D12318248900B0DF59 /* LaunchScreen.storyboard in Resources */ = {isa = PBXBuildFile; fileRef = 027A08CF2318248900B0DF59 /* LaunchScreen.storyboard */; };
		0288B22023683A600014DA4E /* Fixtures.storyboard in Resources */ = {isa = PBXBuildFile; fileRef = 0288B21F23683A600014DA4E /* Fixtures.storyboard */; };
		0288B224236AD9540014DA4E /* Team.storyboard in Resources */ = {isa = PBXBuildFile; fileRef = 0288B223236AD9540014DA4E /* Team.storyboard */; };
		0288B226236AD9B40014DA4E /* Settings.storyboard in Resources */ = {isa = PBXBuildFile; fileRef = 0288B225236AD9B40014DA4E /* Settings.storyboard */; };
		0288B25B236F44B60014DA4E /* FixturesViewController.swift in Sources */ = {isa = PBXBuildFile; fileRef = 0288B25A236F44B60014DA4E /* FixturesViewController.swift */; };
		0288B25D236F44D20014DA4E /* SettingsViewController.swift in Sources */ = {isa = PBXBuildFile; fileRef = 0288B25C236F44D20014DA4E /* SettingsViewController.swift */; };
		0288B25F236F44F60014DA4E /* TeamViewController.swift in Sources */ = {isa = PBXBuildFile; fileRef = 0288B25E236F44F60014DA4E /* TeamViewController.swift */; };
/* End PBXBuildFile section */

/* Begin PBXFileReference section */
		027A08BE2318248300B0DF59 /* TBG2.app */ = {isa = PBXFileReference; explicitFileType = wrapper.application; includeInIndex = 0; path = TBG2.app; sourceTree = BUILT_PRODUCTS_DIR; };
		027A08C12318248300B0DF59 /* AppDelegate.swift */ = {isa = PBXFileReference; lastKnownFileType = sourcecode.swift; path = AppDelegate.swift; sourceTree = "<group>"; };
		027A08C32318248300B0DF59 /* SceneDelegate.swift */ = {isa = PBXFileReference; lastKnownFileType = sourcecode.swift; path = SceneDelegate.swift; sourceTree = "<group>"; };
		027A08CB2318248300B0DF59 /* TBG2.xcdatamodel */ = {isa = PBXFileReference; lastKnownFileType = wrapper.xcdatamodel; path = TBG2.xcdatamodel; sourceTree = "<group>"; };
		027A08CD2318248900B0DF59 /* Assets.xcassets */ = {isa = PBXFileReference; lastKnownFileType = folder.assetcatalog; path = Assets.xcassets; sourceTree = "<group>"; };
		027A08D02318248900B0DF59 /* Base */ = {isa = PBXFileReference; lastKnownFileType = file.storyboard; name = Base; path = Base.lproj/LaunchScreen.storyboard; sourceTree = "<group>"; };
		027A08D22318248900B0DF59 /* Info.plist */ = {isa = PBXFileReference; lastKnownFileType = text.plist.xml; path = Info.plist; sourceTree = "<group>"; };
		0288B21F23683A600014DA4E /* Fixtures.storyboard */ = {isa = PBXFileReference; lastKnownFileType = file.storyboard; path = Fixtures.storyboard; sourceTree = "<group>"; };
		0288B223236AD9540014DA4E /* Team.storyboard */ = {isa = PBXFileReference; lastKnownFileType = file.storyboard; path = Team.storyboard; sourceTree = "<group>"; };
		0288B225236AD9B40014DA4E /* Settings.storyboard */ = {isa = PBXFileReference; lastKnownFileType = file.storyboard; path = Settings.storyboard; sourceTree = "<group>"; };
		0288B25A236F44B60014DA4E /* FixturesViewController.swift */ = {isa = PBXFileReference; lastKnownFileType = sourcecode.swift; path = FixturesViewController.swift; sourceTree = "<group>"; };
		0288B25C236F44D20014DA4E /* SettingsViewController.swift */ = {isa = PBXFileReference; lastKnownFileType = sourcecode.swift; path = SettingsViewController.swift; sourceTree = "<group>"; };
		0288B25E236F44F60014DA4E /* TeamViewController.swift */ = {isa = PBXFileReference; lastKnownFileType = sourcecode.swift; path = TeamViewController.swift; sourceTree = "<group>"; };
/* End PBXFileReference section */

/* Begin PBXFrameworksBuildPhase section */
		027A08BB2318248300B0DF59 /* Frameworks */ = {
			isa = PBXFrameworksBuildPhase;
			buildActionMask = 2147483647;
			files = (
			);
			runOnlyForDeploymentPostprocessing = 0;
		};
/* End PBXFrameworksBuildPhase section */

/* Begin PBXGroup section */
		027A08B52318248300B0DF59 = {
			isa = PBXGroup;
			children = (
				027A08C02318248300B0DF59 /* TBG2 */,
				027A08BF2318248300B0DF59 /* Products */,
			);
			sourceTree = "<group>";
		};
		027A08BF2318248300B0DF59 /* Products */ = {
			isa = PBXGroup;
			children = (
				027A08BE2318248300B0DF59 /* TBG2.app */,
			);
			name = Products;
			sourceTree = "<group>";
		};
		027A08C02318248300B0DF59 /* TBG2 */ = {
			isa = PBXGroup;
			children = (
				0288B22223683AD70014DA4E /* Views */,
				0288B22123683AC80014DA4E /* ViewControllers */,
				0288B21E236839EE0014DA4E /* Storyboards */,
				027A08C12318248300B0DF59 /* AppDelegate.swift */,
				027A08C32318248300B0DF59 /* SceneDelegate.swift */,
				027A08CD2318248900B0DF59 /* Assets.xcassets */,
				027A08CF2318248900B0DF59 /* LaunchScreen.storyboard */,
				027A08D22318248900B0DF59 /* Info.plist */,
				027A08CA2318248300B0DF59 /* TBG2.xcdatamodeld */,
			);
			path = TBG2;
			sourceTree = "<group>";
		};
		0288B21E236839EE0014DA4E /* Storyboards */ = {
			isa = PBXGroup;
			children = (
				0288B21F23683A600014DA4E /* Fixtures.storyboard */,
				0288B223236AD9540014DA4E /* Team.storyboard */,
				0288B225236AD9B40014DA4E /* Settings.storyboard */,
			);
			path = Storyboards;
			sourceTree = "<group>";
		};
		0288B22123683AC80014DA4E /* ViewControllers */ = {
			isa = PBXGroup;
			children = (
				0288B25A236F44B60014DA4E /* FixturesViewController.swift */,
				0288B25C236F44D20014DA4E /* SettingsViewController.swift */,
				0288B25E236F44F60014DA4E /* TeamViewController.swift */,
			);
			path = ViewControllers;
			sourceTree = "<group>";
		};
		0288B22223683AD70014DA4E /* Views */ = {
			isa = PBXGroup;
			children = (
			);
			path = Views;
			sourceTree = "<group>";
		};
/* End PBXGroup section */

/* Begin PBXNativeTarget section */
		027A08BD2318248300B0DF59 /* TBG2 */ = {
			isa = PBXNativeTarget;
			buildConfigurationList = 027A08D52318248900B0DF59 /* Build configuration list for PBXNativeTarget "TBG2" */;
			buildPhases = (
				027A08BA2318248300B0DF59 /* Sources */,
				027A08BB2318248300B0DF59 /* Frameworks */,
				027A08BC2318248300B0DF59 /* Resources */,
			);
			buildRules = (
			);
			dependencies = (
			);
			name = TBG2;
			productName = TBG2;
			productReference = 027A08BE2318248300B0DF59 /* TBG2.app */;
			productType = "com.apple.product-type.application";
		};
/* End PBXNativeTarget section */

/* Begin PBXProject section */
		027A08B62318248300B0DF59 /* Project object */ = {
			isa = PBXProject;
			attributes = {
				LastSwiftUpdateCheck = 1100;
				LastUpgradeCheck = 1100;
				ORGANIZATIONNAME = "Kris Reid";
				TargetAttributes = {
					027A08BD2318248300B0DF59 = {
						CreatedOnToolsVersion = 11.0;
					};
				};
			};
			buildConfigurationList = 027A08B92318248300B0DF59 /* Build configuration list for PBXProject "TBG2" */;
			compatibilityVersion = "Xcode 9.3";
			developmentRegion = en;
			hasScannedForEncodings = 0;
			knownRegions = (
				en,
				Base,
			);
			mainGroup = 027A08B52318248300B0DF59;
			productRefGroup = 027A08BF2318248300B0DF59 /* Products */;
			projectDirPath = "";
			projectRoot = "";
			targets = (
				027A08BD2318248300B0DF59 /* TBG2 */,
			);
		};
/* End PBXProject section */

/* Begin PBXResourcesBuildPhase section */
		027A08BC2318248300B0DF59 /* Resources */ = {
			isa = PBXResourcesBuildPhase;
			buildActionMask = 2147483647;
			files = (
				0288B22023683A600014DA4E /* Fixtures.storyboard in Resources */,
				027A08D12318248900B0DF59 /* LaunchScreen.storyboard in Resources */,
				027A08CE2318248900B0DF59 /* Assets.xcassets in Resources */,
				0288B226236AD9B40014DA4E /* Settings.storyboard in Resources */,
				0288B224236AD9540014DA4E /* Team.storyboard in Resources */,
			);
			runOnlyForDeploymentPostprocessing = 0;
		};
/* End PBXResourcesBuildPhase section */

/* Begin PBXSourcesBuildPhase section */
		027A08BA2318248300B0DF59 /* Sources */ = {
			isa = PBXSourcesBuildPhase;
			buildActionMask = 2147483647;
			files = (
				027A08CC2318248300B0DF59 /* TBG2.xcdatamodeld in Sources */,
				0288B25F236F44F60014DA4E /* TeamViewController.swift in Sources */,
				027A08C22318248300B0DF59 /* AppDelegate.swift in Sources */,
				0288B25B236F44B60014DA4E /* FixturesViewController.swift in Sources */,
				027A08C42318248300B0DF59 /* SceneDelegate.swift in Sources */,
				0288B25D236F44D20014DA4E /* SettingsViewController.swift in Sources */,
			);
			runOnlyForDeploymentPostprocessing = 0;
		};
/* End PBXSourcesBuildPhase section */

/* Begin PBXVariantGroup section */
		027A08CF2318248900B0DF59 /* LaunchScreen.storyboard */ = {
			isa = PBXVariantGroup;
			children = (
				027A08D02318248900B0DF59 /* Base */,
			);
			name = LaunchScreen.storyboard;
			sourceTree = "<group>";
		};
/* End PBXVariantGroup section */

/* Begin XCBuildConfiguration section */
		027A08D32318248900B0DF59 /* Debug */ = {
			isa = XCBuildConfiguration;
			buildSettings = {
				ALWAYS_SEARCH_USER_PATHS = NO;
				CLANG_ANALYZER_NONNULL = YES;
				CLANG_ANALYZER_NUMBER_OBJECT_CONVERSION = YES_AGGRESSIVE;
				CLANG_CXX_LANGUAGE_STANDARD = "gnu++14";
				CLANG_CXX_LIBRARY = "libc++";
				CLANG_ENABLE_MODULES = YES;
				CLANG_ENABLE_OBJC_ARC = YES;
				CLANG_ENABLE_OBJC_WEAK = YES;
				CLANG_WARN_BLOCK_CAPTURE_AUTORELEASING = YES;
				CLANG_WARN_BOOL_CONVERSION = YES;
				CLANG_WARN_COMMA = YES;
				CLANG_WARN_CONSTANT_CONVERSION = YES;
				CLANG_WARN_DEPRECATED_OBJC_IMPLEMENTATIONS = YES;
				CLANG_WARN_DIRECT_OBJC_ISA_USAGE = YES_ERROR;
				CLANG_WARN_DOCUMENTATION_COMMENTS = YES;
				CLANG_WARN_EMPTY_BODY = YES;
				CLANG_WARN_ENUM_CONVERSION = YES;
				CLANG_WARN_INFINITE_RECURSION = YES;
				CLANG_WARN_INT_CONVERSION = YES;
				CLANG_WARN_NON_LITERAL_NULL_CONVERSION = YES;
				CLANG_WARN_OBJC_IMPLICIT_RETAIN_SELF = YES;
				CLANG_WARN_OBJC_LITERAL_CONVERSION = YES;
				CLANG_WARN_OBJC_ROOT_CLASS = YES_ERROR;
				CLANG_WARN_RANGE_LOOP_ANALYSIS = YES;
				CLANG_WARN_STRICT_PROTOTYPES = YES;
				CLANG_WARN_SUSPICIOUS_MOVE = YES;
				CLANG_WARN_UNGUARDED_AVAILABILITY = YES_AGGRESSIVE;
				CLANG_WARN_UNREACHABLE_CODE = YES;
				CLANG_WARN__DUPLICATE_METHOD_MATCH = YES;
				COPY_PHASE_STRIP = NO;
				DEBUG_INFORMATION_FORMAT = dwarf;
				ENABLE_STRICT_OBJC_MSGSEND = YES;
				ENABLE_TESTABILITY = YES;
				GCC_C_LANGUAGE_STANDARD = gnu11;
				GCC_DYNAMIC_NO_PIC = NO;
				GCC_NO_COMMON_BLOCKS = YES;
				GCC_OPTIMIZATION_LEVEL = 0;
				GCC_PREPROCESSOR_DEFINITIONS = (
					"DEBUG=1",
					"$(inherited)",
				);
				GCC_WARN_64_TO_32_BIT_CONVERSION = YES;
				GCC_WARN_ABOUT_RETURN_TYPE = YES_ERROR;
				GCC_WARN_UNDECLARED_SELECTOR = YES;
				GCC_WARN_UNINITIALIZED_AUTOS = YES_AGGRESSIVE;
				GCC_WARN_UNUSED_FUNCTION = YES;
				GCC_WARN_UNUSED_VARIABLE = YES;
				IPHONEOS_DEPLOYMENT_TARGET = 13.0;
				MTL_ENABLE_DEBUG_INFO = INCLUDE_SOURCE;
				MTL_FAST_MATH = YES;
				ONLY_ACTIVE_ARCH = YES;
				SDKROOT = iphoneos;
				SWIFT_ACTIVE_COMPILATION_CONDITIONS = DEBUG;
				SWIFT_OPTIMIZATION_LEVEL = "-Onone";
			};
			name = Debug;
		};
		027A08D42318248900B0DF59 /* Release */ = {
			isa = XCBuildConfiguration;
			buildSettings = {
				ALWAYS_SEARCH_USER_PATHS = NO;
				CLANG_ANALYZER_NONNULL = YES;
				CLANG_ANALYZER_NUMBER_OBJECT_CONVERSION = YES_AGGRESSIVE;
				CLANG_CXX_LANGUAGE_STANDARD = "gnu++14";
				CLANG_CXX_LIBRARY = "libc++";
				CLANG_ENABLE_MODULES = YES;
				CLANG_ENABLE_OBJC_ARC = YES;
				CLANG_ENABLE_OBJC_WEAK = YES;
				CLANG_WARN_BLOCK_CAPTURE_AUTORELEASING = YES;
				CLANG_WARN_BOOL_CONVERSION = YES;
				CLANG_WARN_COMMA = YES;
				CLANG_WARN_CONSTANT_CONVERSION = YES;
				CLANG_WARN_DEPRECATED_OBJC_IMPLEMENTATIONS = YES;
				CLANG_WARN_DIRECT_OBJC_ISA_USAGE = YES_ERROR;
				CLANG_WARN_DOCUMENTATION_COMMENTS = YES;
				CLANG_WARN_EMPTY_BODY = YES;
				CLANG_WARN_ENUM_CONVERSION = YES;
				CLANG_WARN_INFINITE_RECURSION = YES;
				CLANG_WARN_INT_CONVERSION = YES;
				CLANG_WARN_NON_LITERAL_NULL_CONVERSION = YES;
				CLANG_WARN_OBJC_IMPLICIT_RETAIN_SELF = YES;
				CLANG_WARN_OBJC_LITERAL_CONVERSION = YES;
				CLANG_WARN_OBJC_ROOT_CLASS = YES_ERROR;
				CLANG_WARN_RANGE_LOOP_ANALYSIS = YES;
				CLANG_WARN_STRICT_PROTOTYPES = YES;
				CLANG_WARN_SUSPICIOUS_MOVE = YES;
				CLANG_WARN_UNGUARDED_AVAILABILITY = YES_AGGRESSIVE;
				CLANG_WARN_UNREACHABLE_CODE = YES;
				CLANG_WARN__DUPLICATE_METHOD_MATCH = YES;
				COPY_PHASE_STRIP = NO;
				DEBUG_INFORMATION_FORMAT = "dwarf-with-dsym";
				ENABLE_NS_ASSERTIONS = NO;
				ENABLE_STRICT_OBJC_MSGSEND = YES;
				GCC_C_LANGUAGE_STANDARD = gnu11;
				GCC_NO_COMMON_BLOCKS = YES;
				GCC_WARN_64_TO_32_BIT_CONVERSION = YES;
				GCC_WARN_ABOUT_RETURN_TYPE = YES_ERROR;
				GCC_WARN_UNDECLARED_SELECTOR = YES;
				GCC_WARN_UNINITIALIZED_AUTOS = YES_AGGRESSIVE;
				GCC_WARN_UNUSED_FUNCTION = YES;
				GCC_WARN_UNUSED_VARIABLE = YES;
				IPHONEOS_DEPLOYMENT_TARGET = 13.0;
				MTL_ENABLE_DEBUG_INFO = NO;
				MTL_FAST_MATH = YES;
				SDKROOT = iphoneos;
				SWIFT_COMPILATION_MODE = wholemodule;
				SWIFT_OPTIMIZATION_LEVEL = "-O";
				VALIDATE_PRODUCT = YES;
			};
			name = Release;
		};
		027A08D62318248900B0DF59 /* Debug */ = {
			isa = XCBuildConfiguration;
			buildSettings = {
				ASSETCATALOG_COMPILER_APPICON_NAME = AppIcon;
				CODE_SIGN_STYLE = Automatic;
				DEVELOPMENT_TEAM = S9H4B38ZQN;
				INFOPLIST_FILE = TBG2/Info.plist;
				IPHONEOS_DEPLOYMENT_TARGET = 13.1;
				LD_RUNPATH_SEARCH_PATHS = (
					"$(inherited)",
					"@executable_path/Frameworks",
				);
				PRODUCT_BUNDLE_IDENTIFIER = uk.co.krisreid.TBG2;
				PRODUCT_NAME = "$(TARGET_NAME)";
				SWIFT_VERSION = 5.0;
				TARGETED_DEVICE_FAMILY = 1;
			};
			name = Debug;
		};
		027A08D72318248900B0DF59 /* Release */ = {
			isa = XCBuildConfiguration;
			buildSettings = {
				ASSETCATALOG_COMPILER_APPICON_NAME = AppIcon;
				CODE_SIGN_STYLE = Automatic;
				DEVELOPMENT_TEAM = S9H4B38ZQN;
				INFOPLIST_FILE = TBG2/Info.plist;
				IPHONEOS_DEPLOYMENT_TARGET = 13.1;
				LD_RUNPATH_SEARCH_PATHS = (
					"$(inherited)",
					"@executable_path/Frameworks",
				);
				PRODUCT_BUNDLE_IDENTIFIER = uk.co.krisreid.TBG2;
				PRODUCT_NAME = "$(TARGET_NAME)";
				SWIFT_VERSION = 5.0;
				TARGETED_DEVICE_FAMILY = 1;
			};
			name = Release;
		};
/* End XCBuildConfiguration section */

/* Begin XCConfigurationList section */
		027A08B92318248300B0DF59 /* Build configuration list for PBXProject "TBG2" */ = {
			isa = XCConfigurationList;
			buildConfigurations = (
				027A08D32318248900B0DF59 /* Debug */,
				027A08D42318248900B0DF59 /* Release */,
			);
			defaultConfigurationIsVisible = 0;
			defaultConfigurationName = Release;
		};
		027A08D52318248900B0DF59 /* Build configuration list for PBXNativeTarget "TBG2" */ = {
			isa = XCConfigurationList;
			buildConfigurations = (
				027A08D62318248900B0DF59 /* Debug */,
				027A08D72318248900B0DF59 /* Release */,
			);
			defaultConfigurationIsVisible = 0;
			defaultConfigurationName = Release;
		};
/* End XCConfigurationList section */

/* Begin XCVersionGroup section */
		027A08CA2318248300B0DF59 /* TBG2.xcdatamodeld */ = {
			isa = XCVersionGroup;
			children = (
				027A08CB2318248300B0DF59 /* TBG2.xcdatamodel */,
			);
			currentVersion = 027A08CB2318248300B0DF59 /* TBG2.xcdatamodel */;
			path = TBG2.xcdatamodeld;
			sourceTree = "<group>";
			versionGroupType = wrapper.xcdatamodel;
		};
/* End XCVersionGroup section */
	};
	rootObject = 027A08B62318248300B0DF59 /* Project object */;
}
