// !$*UTF8*$!
{
	archiveVersion = 1;
	classes = {
	};
	objectVersion = 50;
	objects = {

/* Begin PBXBuildFile section */
		021A59D723D4F1C1005DE007 /* FixtureDetailTableViewCell.swift in Sources */ = {isa = PBXBuildFile; fileRef = 021A59D523D4F1C1005DE007 /* FixtureDetailTableViewCell.swift */; };
		021A59D823D4F1C1005DE007 /* FixtureDetailTableViewCell.xib in Resources */ = {isa = PBXBuildFile; fileRef = 021A59D623D4F1C1005DE007 /* FixtureDetailTableViewCell.xib */; };
		0231525323F03A2100AAFB0B /* GoogleService-Info.plist in Resources */ = {isa = PBXBuildFile; fileRef = 0231525223F03A2000AAFB0B /* GoogleService-Info.plist */; };
		0231525523F0426300AAFB0B /* Helper.swift in Sources */ = {isa = PBXBuildFile; fileRef = 0231525423F0426300AAFB0B /* Helper.swift */; };
		0231525723F095C200AAFB0B /* Login.storyboard in Resources */ = {isa = PBXBuildFile; fileRef = 0231525623F095C200AAFB0B /* Login.storyboard */; };
		0231525923F0A8F600AAFB0B /* LoginViewController.swift in Sources */ = {isa = PBXBuildFile; fileRef = 0231525823F0A8F600AAFB0B /* LoginViewController.swift */; };
		0231525B23F60B7B00AAFB0B /* SignupViewController.swift in Sources */ = {isa = PBXBuildFile; fileRef = 0231525A23F60B7A00AAFB0B /* SignupViewController.swift */; };
		025280EA24032E18002DB761 /* CreateTeamViewController.swift in Sources */ = {isa = PBXBuildFile; fileRef = 025280E924032E17002DB761 /* CreateTeamViewController.swift */; };
		026F1E702381CA9400682063 /* TeamData.swift in Sources */ = {isa = PBXBuildFile; fileRef = 026F1E6F2381CA9400682063 /* TeamData.swift */; };
		026F1E722381CC5600682063 /* PlayerData.swift in Sources */ = {isa = PBXBuildFile; fileRef = 026F1E712381CC5600682063 /* PlayerData.swift */; };
		026F1E77238295EE00682063 /* TeamTableViewCell.swift in Sources */ = {isa = PBXBuildFile; fileRef = 026F1E75238295EE00682063 /* TeamTableViewCell.swift */; };
		026F1E78238295EE00682063 /* TeamTableViewCell.xib in Resources */ = {isa = PBXBuildFile; fileRef = 026F1E76238295EE00682063 /* TeamTableViewCell.xib */; };
		027A08C22318248300B0DF59 /* AppDelegate.swift in Sources */ = {isa = PBXBuildFile; fileRef = 027A08C12318248300B0DF59 /* AppDelegate.swift */; };
		027A08C42318248300B0DF59 /* SceneDelegate.swift in Sources */ = {isa = PBXBuildFile; fileRef = 027A08C32318248300B0DF59 /* SceneDelegate.swift */; };
		027A08CC2318248300B0DF59 /* TBG2.xcdatamodeld in Sources */ = {isa = PBXBuildFile; fileRef = 027A08CA2318248300B0DF59 /* TBG2.xcdatamodeld */; };
		027A08CE2318248900B0DF59 /* Assets.xcassets in Resources */ = {isa = PBXBuildFile; fileRef = 027A08CD2318248900B0DF59 /* Assets.xcassets */; };
		027A08D12318248900B0DF59 /* LaunchScreen.storyboard in Resources */ = {isa = PBXBuildFile; fileRef = 027A08CF2318248900B0DF59 /* LaunchScreen.storyboard */; };
		02821A0D2395AAD30090E400 /* TeamPinViewController.swift in Sources */ = {isa = PBXBuildFile; fileRef = 02821A0C2395AAD30090E400 /* TeamPinViewController.swift */; };
		02821A0F2395C1260090E400 /* PlayerDetailViewController.swift in Sources */ = {isa = PBXBuildFile; fileRef = 02821A0E2395C1260090E400 /* PlayerDetailViewController.swift */; };
		02821A112398F5E50090E400 /* Slide.swift in Sources */ = {isa = PBXBuildFile; fileRef = 02821A102398F5E50090E400 /* Slide.swift */; };
		02821A132398F68A0090E400 /* Slide.xib in Resources */ = {isa = PBXBuildFile; fileRef = 02821A122398F68A0090E400 /* Slide.xib */; };
		02821A15239A811A0090E400 /* Extensions.swift in Sources */ = {isa = PBXBuildFile; fileRef = 02821A14239A811A0090E400 /* Extensions.swift */; };
		0282C7F52405CD8400259BEF /* JoinTeamViewController.swift in Sources */ = {isa = PBXBuildFile; fileRef = 0282C7F42405CD8400259BEF /* JoinTeamViewController.swift */; };
		0282C7FD24066A8400259BEF /* SettingsTableViewCell.swift in Sources */ = {isa = PBXBuildFile; fileRef = 0282C7FB24066A8400259BEF /* SettingsTableViewCell.swift */; };
		0282C7FE24066A8400259BEF /* SettingsTableViewCell.xib in Resources */ = {isa = PBXBuildFile; fileRef = 0282C7FC24066A8400259BEF /* SettingsTableViewCell.xib */; };
		0282C80024085E7F00259BEF /* TeamInformationViewController.swift in Sources */ = {isa = PBXBuildFile; fileRef = 0282C7FF24085E7F00259BEF /* TeamInformationViewController.swift */; };
		0282C80224085ECB00259BEF /* ManagersViewController.swift in Sources */ = {isa = PBXBuildFile; fileRef = 0282C80124085ECB00259BEF /* ManagersViewController.swift */; };
		0282C804240863FC00259BEF /* SeasonSettingsViewController.swift in Sources */ = {isa = PBXBuildFile; fileRef = 0282C803240863FC00259BEF /* SeasonSettingsViewController.swift */; };
		0282C806240C27B000259BEF /* FixtureInformationViewController.swift in Sources */ = {isa = PBXBuildFile; fileRef = 0282C805240C27B000259BEF /* FixtureInformationViewController.swift */; };
		0288B22023683A600014DA4E /* Fixtures.storyboard in Resources */ = {isa = PBXBuildFile; fileRef = 0288B21F23683A600014DA4E /* Fixtures.storyboard */; };
		0288B224236AD9540014DA4E /* Team.storyboard in Resources */ = {isa = PBXBuildFile; fileRef = 0288B223236AD9540014DA4E /* Team.storyboard */; };
		0288B226236AD9B40014DA4E /* Settings.storyboard in Resources */ = {isa = PBXBuildFile; fileRef = 0288B225236AD9B40014DA4E /* Settings.storyboard */; };
		0288B25B236F44B60014DA4E /* FixturesViewController.swift in Sources */ = {isa = PBXBuildFile; fileRef = 0288B25A236F44B60014DA4E /* FixturesViewController.swift */; };
		0288B25D236F44D20014DA4E /* SettingsViewController.swift in Sources */ = {isa = PBXBuildFile; fileRef = 0288B25C236F44D20014DA4E /* SettingsViewController.swift */; };
		0288B25F236F44F60014DA4E /* TeamViewController.swift in Sources */ = {isa = PBXBuildFile; fileRef = 0288B25E236F44F60014DA4E /* TeamViewController.swift */; };
		02F7BF5F23B12CBD00DE70BB /* ShareTeamViewController.swift in Sources */ = {isa = PBXBuildFile; fileRef = 02F7BF5D23B12CBD00DE70BB /* ShareTeamViewController.swift */; };
		02F7BF6323B6400200DE70BB /* ShareTableViewCell.swift in Sources */ = {isa = PBXBuildFile; fileRef = 02F7BF6123B6400200DE70BB /* ShareTableViewCell.swift */; };
		02F7BF6423B6400200DE70BB /* ShareTableViewCell.xib in Resources */ = {isa = PBXBuildFile; fileRef = 02F7BF6223B6400200DE70BB /* ShareTableViewCell.xib */; };
		02F7BF6823B7F56000DE70BB /* FixturesTableViewCell.swift in Sources */ = {isa = PBXBuildFile; fileRef = 02F7BF6623B7F56000DE70BB /* FixturesTableViewCell.swift */; };
		02F7BF6923B7F56000DE70BB /* FixturesTableViewCell.xib in Resources */ = {isa = PBXBuildFile; fileRef = 02F7BF6723B7F56000DE70BB /* FixturesTableViewCell.xib */; };
		02F7BF6B23B8984B00DE70BB /* AddFixtureViewController.swift in Sources */ = {isa = PBXBuildFile; fileRef = 02F7BF6A23B8984B00DE70BB /* AddFixtureViewController.swift */; };
		C4AE885B568EE0194CEEFA29 /* Pods_TBG2.framework in Frameworks */ = {isa = PBXBuildFile; fileRef = 3625DBE16623C89D5A607B62 /* Pods_TBG2.framework */; };
/* End PBXBuildFile section */

/* Begin PBXFileReference section */
		021A59D523D4F1C1005DE007 /* FixtureDetailTableViewCell.swift */ = {isa = PBXFileReference; lastKnownFileType = sourcecode.swift; path = FixtureDetailTableViewCell.swift; sourceTree = "<group>"; };
		021A59D623D4F1C1005DE007 /* FixtureDetailTableViewCell.xib */ = {isa = PBXFileReference; lastKnownFileType = file.xib; path = FixtureDetailTableViewCell.xib; sourceTree = "<group>"; };
		0231525223F03A2000AAFB0B /* GoogleService-Info.plist */ = {isa = PBXFileReference; fileEncoding = 4; lastKnownFileType = text.plist.xml; path = "GoogleService-Info.plist"; sourceTree = "<group>"; };
		0231525423F0426300AAFB0B /* Helper.swift */ = {isa = PBXFileReference; lastKnownFileType = sourcecode.swift; path = Helper.swift; sourceTree = "<group>"; };
		0231525623F095C200AAFB0B /* Login.storyboard */ = {isa = PBXFileReference; lastKnownFileType = file.storyboard; path = Login.storyboard; sourceTree = "<group>"; };
		0231525823F0A8F600AAFB0B /* LoginViewController.swift */ = {isa = PBXFileReference; lastKnownFileType = sourcecode.swift; path = LoginViewController.swift; sourceTree = "<group>"; };
		0231525A23F60B7A00AAFB0B /* SignupViewController.swift */ = {isa = PBXFileReference; lastKnownFileType = sourcecode.swift; path = SignupViewController.swift; sourceTree = "<group>"; };
		025280E924032E17002DB761 /* CreateTeamViewController.swift */ = {isa = PBXFileReference; lastKnownFileType = sourcecode.swift; path = CreateTeamViewController.swift; sourceTree = "<group>"; };
		026F1E6F2381CA9400682063 /* TeamData.swift */ = {isa = PBXFileReference; lastKnownFileType = sourcecode.swift; path = TeamData.swift; sourceTree = "<group>"; };
		026F1E712381CC5600682063 /* PlayerData.swift */ = {isa = PBXFileReference; lastKnownFileType = sourcecode.swift; path = PlayerData.swift; sourceTree = "<group>"; };
		026F1E75238295EE00682063 /* TeamTableViewCell.swift */ = {isa = PBXFileReference; lastKnownFileType = sourcecode.swift; path = TeamTableViewCell.swift; sourceTree = "<group>"; };
		026F1E76238295EE00682063 /* TeamTableViewCell.xib */ = {isa = PBXFileReference; lastKnownFileType = file.xib; path = TeamTableViewCell.xib; sourceTree = "<group>"; };
		027A08BE2318248300B0DF59 /* TBG2.app */ = {isa = PBXFileReference; explicitFileType = wrapper.application; includeInIndex = 0; path = TBG2.app; sourceTree = BUILT_PRODUCTS_DIR; };
		027A08C12318248300B0DF59 /* AppDelegate.swift */ = {isa = PBXFileReference; lastKnownFileType = sourcecode.swift; path = AppDelegate.swift; sourceTree = "<group>"; };
		027A08C32318248300B0DF59 /* SceneDelegate.swift */ = {isa = PBXFileReference; lastKnownFileType = sourcecode.swift; path = SceneDelegate.swift; sourceTree = "<group>"; };
		027A08CB2318248300B0DF59 /* TBG2.xcdatamodel */ = {isa = PBXFileReference; lastKnownFileType = wrapper.xcdatamodel; path = TBG2.xcdatamodel; sourceTree = "<group>"; };
		027A08CD2318248900B0DF59 /* Assets.xcassets */ = {isa = PBXFileReference; lastKnownFileType = folder.assetcatalog; path = Assets.xcassets; sourceTree = "<group>"; };
		027A08D02318248900B0DF59 /* Base */ = {isa = PBXFileReference; lastKnownFileType = file.storyboard; name = Base; path = Base.lproj/LaunchScreen.storyboard; sourceTree = "<group>"; };
		027A08D22318248900B0DF59 /* Info.plist */ = {isa = PBXFileReference; lastKnownFileType = text.plist.xml; path = Info.plist; sourceTree = "<group>"; };
		02821A0C2395AAD30090E400 /* TeamPinViewController.swift */ = {isa = PBXFileReference; lastKnownFileType = sourcecode.swift; path = TeamPinViewController.swift; sourceTree = "<group>"; };
		02821A0E2395C1260090E400 /* PlayerDetailViewController.swift */ = {isa = PBXFileReference; lastKnownFileType = sourcecode.swift; path = PlayerDetailViewController.swift; sourceTree = "<group>"; };
		02821A102398F5E50090E400 /* Slide.swift */ = {isa = PBXFileReference; lastKnownFileType = sourcecode.swift; path = Slide.swift; sourceTree = "<group>"; };
		02821A122398F68A0090E400 /* Slide.xib */ = {isa = PBXFileReference; lastKnownFileType = file.xib; path = Slide.xib; sourceTree = "<group>"; };
		02821A14239A811A0090E400 /* Extensions.swift */ = {isa = PBXFileReference; lastKnownFileType = sourcecode.swift; path = Extensions.swift; sourceTree = "<group>"; };
		0282C7F42405CD8400259BEF /* JoinTeamViewController.swift */ = {isa = PBXFileReference; lastKnownFileType = sourcecode.swift; path = JoinTeamViewController.swift; sourceTree = "<group>"; };
		0282C7FB24066A8400259BEF /* SettingsTableViewCell.swift */ = {isa = PBXFileReference; lastKnownFileType = sourcecode.swift; path = SettingsTableViewCell.swift; sourceTree = "<group>"; };
		0282C7FC24066A8400259BEF /* SettingsTableViewCell.xib */ = {isa = PBXFileReference; lastKnownFileType = file.xib; path = SettingsTableViewCell.xib; sourceTree = "<group>"; };
		0282C7FF24085E7F00259BEF /* TeamInformationViewController.swift */ = {isa = PBXFileReference; lastKnownFileType = sourcecode.swift; path = TeamInformationViewController.swift; sourceTree = "<group>"; };
		0282C80124085ECB00259BEF /* ManagersViewController.swift */ = {isa = PBXFileReference; lastKnownFileType = sourcecode.swift; path = ManagersViewController.swift; sourceTree = "<group>"; };
		0282C803240863FC00259BEF /* SeasonSettingsViewController.swift */ = {isa = PBXFileReference; lastKnownFileType = sourcecode.swift; path = SeasonSettingsViewController.swift; sourceTree = "<group>"; };
		0282C805240C27B000259BEF /* FixtureInformationViewController.swift */ = {isa = PBXFileReference; lastKnownFileType = sourcecode.swift; path = FixtureInformationViewController.swift; sourceTree = "<group>"; };
		0288B21F23683A600014DA4E /* Fixtures.storyboard */ = {isa = PBXFileReference; lastKnownFileType = file.storyboard; path = Fixtures.storyboard; sourceTree = "<group>"; };
		0288B223236AD9540014DA4E /* Team.storyboard */ = {isa = PBXFileReference; lastKnownFileType = file.storyboard; path = Team.storyboard; sourceTree = "<group>"; };
		0288B225236AD9B40014DA4E /* Settings.storyboard */ = {isa = PBXFileReference; lastKnownFileType = file.storyboard; path = Settings.storyboard; sourceTree = "<group>"; };
		0288B25A236F44B60014DA4E /* FixturesViewController.swift */ = {isa = PBXFileReference; lastKnownFileType = sourcecode.swift; path = FixturesViewController.swift; sourceTree = "<group>"; };
		0288B25C236F44D20014DA4E /* SettingsViewController.swift */ = {isa = PBXFileReference; lastKnownFileType = sourcecode.swift; path = SettingsViewController.swift; sourceTree = "<group>"; };
		0288B25E236F44F60014DA4E /* TeamViewController.swift */ = {isa = PBXFileReference; lastKnownFileType = sourcecode.swift; path = TeamViewController.swift; sourceTree = "<group>"; };
		02F7BF5D23B12CBD00DE70BB /* ShareTeamViewController.swift */ = {isa = PBXFileReference; lastKnownFileType = sourcecode.swift; path = ShareTeamViewController.swift; sourceTree = "<group>"; };
		02F7BF6123B6400200DE70BB /* ShareTableViewCell.swift */ = {isa = PBXFileReference; lastKnownFileType = sourcecode.swift; path = ShareTableViewCell.swift; sourceTree = "<group>"; };
		02F7BF6223B6400200DE70BB /* ShareTableViewCell.xib */ = {isa = PBXFileReference; lastKnownFileType = file.xib; path = ShareTableViewCell.xib; sourceTree = "<group>"; };
		02F7BF6623B7F56000DE70BB /* FixturesTableViewCell.swift */ = {isa = PBXFileReference; lastKnownFileType = sourcecode.swift; path = FixturesTableViewCell.swift; sourceTree = "<group>"; };
		02F7BF6723B7F56000DE70BB /* FixturesTableViewCell.xib */ = {isa = PBXFileReference; lastKnownFileType = file.xib; path = FixturesTableViewCell.xib; sourceTree = "<group>"; };
		02F7BF6A23B8984B00DE70BB /* AddFixtureViewController.swift */ = {isa = PBXFileReference; lastKnownFileType = sourcecode.swift; path = AddFixtureViewController.swift; sourceTree = "<group>"; };
		1D356E5A8C7F50F9E85087E0 /* Pods-TBG2.debug.xcconfig */ = {isa = PBXFileReference; includeInIndex = 1; lastKnownFileType = text.xcconfig; name = "Pods-TBG2.debug.xcconfig"; path = "Pods/Target Support Files/Pods-TBG2/Pods-TBG2.debug.xcconfig"; sourceTree = "<group>"; };
		3625DBE16623C89D5A607B62 /* Pods_TBG2.framework */ = {isa = PBXFileReference; explicitFileType = wrapper.framework; includeInIndex = 0; path = Pods_TBG2.framework; sourceTree = BUILT_PRODUCTS_DIR; };
		B8160CFC5784725282E5F863 /* Pods-TBG2.release.xcconfig */ = {isa = PBXFileReference; includeInIndex = 1; lastKnownFileType = text.xcconfig; name = "Pods-TBG2.release.xcconfig"; path = "Pods/Target Support Files/Pods-TBG2/Pods-TBG2.release.xcconfig"; sourceTree = "<group>"; };
/* End PBXFileReference section */

/* Begin PBXFrameworksBuildPhase section */
		027A08BB2318248300B0DF59 /* Frameworks */ = {
			isa = PBXFrameworksBuildPhase;
			buildActionMask = 2147483647;
			files = (
				C4AE885B568EE0194CEEFA29 /* Pods_TBG2.framework in Frameworks */,
			);
			runOnlyForDeploymentPostprocessing = 0;
		};
/* End PBXFrameworksBuildPhase section */

/* Begin PBXGroup section */
		026F1E6E2381CA5600682063 /* Data */ = {
			isa = PBXGroup;
			children = (
				026F1E6F2381CA9400682063 /* TeamData.swift */,
				026F1E712381CC5600682063 /* PlayerData.swift */,
			);
			path = Data;
			sourceTree = "<group>";
		};
		027A08B52318248300B0DF59 = {
			isa = PBXGroup;
			children = (
				027A08C02318248300B0DF59 /* TBG2 */,
				027A08BF2318248300B0DF59 /* Products */,
				8C194D163F31E37D8C6E8541 /* Pods */,
				2A7E7159D212AD018D13AE74 /* Frameworks */,
			);
			sourceTree = "<group>";
		};
		027A08BF2318248300B0DF59 /* Products */ = {
			isa = PBXGroup;
			children = (
				027A08BE2318248300B0DF59 /* TBG2.app */,
			);
			name = Products;
			sourceTree = "<group>";
		};
		027A08C02318248300B0DF59 /* TBG2 */ = {
			isa = PBXGroup;
			children = (
				027A08C12318248300B0DF59 /* AppDelegate.swift */,
				027A08C32318248300B0DF59 /* SceneDelegate.swift */,
				0231525423F0426300AAFB0B /* Helper.swift */,
				02821A14239A811A0090E400 /* Extensions.swift */,
				0288B22223683AD70014DA4E /* Views */,
				0288B22123683AC80014DA4E /* ViewControllers */,
				0288B21E236839EE0014DA4E /* Storyboards */,
				026F1E6E2381CA5600682063 /* Data */,
				027A08CD2318248900B0DF59 /* Assets.xcassets */,
				027A08CF2318248900B0DF59 /* LaunchScreen.storyboard */,
				027A08D22318248900B0DF59 /* Info.plist */,
				0231525223F03A2000AAFB0B /* GoogleService-Info.plist */,
				027A08CA2318248300B0DF59 /* TBG2.xcdatamodeld */,
			);
			path = TBG2;
			sourceTree = "<group>";
		};
		0282C7F6240666A500259BEF /* Login */ = {
			isa = PBXGroup;
			children = (
				025280E924032E17002DB761 /* CreateTeamViewController.swift */,
				0231525A23F60B7A00AAFB0B /* SignupViewController.swift */,
				0231525823F0A8F600AAFB0B /* LoginViewController.swift */,
				0282C7F42405CD8400259BEF /* JoinTeamViewController.swift */,
			);
			path = Login;
			sourceTree = "<group>";
		};
		0282C7F7240666DB00259BEF /* Team */ = {
			isa = PBXGroup;
			children = (
				0288B25E236F44F60014DA4E /* TeamViewController.swift */,
				02821A0E2395C1260090E400 /* PlayerDetailViewController.swift */,
				02F7BF5D23B12CBD00DE70BB /* ShareTeamViewController.swift */,
				02821A0C2395AAD30090E400 /* TeamPinViewController.swift */,
			);
			path = Team;
			sourceTree = "<group>";
		};
		0282C7F92406671D00259BEF /* Fixtures */ = {
			isa = PBXGroup;
			children = (
				0288B25A236F44B60014DA4E /* FixturesViewController.swift */,
				0282C805240C27B000259BEF /* FixtureInformationViewController.swift */,
				02F7BF6A23B8984B00DE70BB /* AddFixtureViewController.swift */,
			);
			path = Fixtures;
			sourceTree = "<group>";
		};
		0282C7FA2406674A00259BEF /* Settings */ = {
			isa = PBXGroup;
			children = (
				0288B25C236F44D20014DA4E /* SettingsViewController.swift */,
				0282C7FF24085E7F00259BEF /* TeamInformationViewController.swift */,
				0282C80124085ECB00259BEF /* ManagersViewController.swift */,
				0282C803240863FC00259BEF /* SeasonSettingsViewController.swift */,
			);
			path = Settings;
			sourceTree = "<group>";
		};
		0288B21E236839EE0014DA4E /* Storyboards */ = {
			isa = PBXGroup;
			children = (
				0231525623F095C200AAFB0B /* Login.storyboard */,
				0288B223236AD9540014DA4E /* Team.storyboard */,
				0288B21F23683A600014DA4E /* Fixtures.storyboard */,
				0288B225236AD9B40014DA4E /* Settings.storyboard */,
			);
			path = Storyboards;
			sourceTree = "<group>";
		};
		0288B22123683AC80014DA4E /* ViewControllers */ = {
			isa = PBXGroup;
			children = (
				0282C7F6240666A500259BEF /* Login */,
				0282C7F7240666DB00259BEF /* Team */,
				0282C7F92406671D00259BEF /* Fixtures */,
				0282C7FA2406674A00259BEF /* Settings */,
			);
			path = ViewControllers;
			sourceTree = "<group>";
		};
		0288B22223683AD70014DA4E /* Views */ = {
			isa = PBXGroup;
			children = (
				026F1E75238295EE00682063 /* TeamTableViewCell.swift */,
				026F1E76238295EE00682063 /* TeamTableViewCell.xib */,
				02F7BF6123B6400200DE70BB /* ShareTableViewCell.swift */,
				02F7BF6223B6400200DE70BB /* ShareTableViewCell.xib */,
				02821A102398F5E50090E400 /* Slide.swift */,
				02821A122398F68A0090E400 /* Slide.xib */,
				02F7BF6623B7F56000DE70BB /* FixturesTableViewCell.swift */,
				02F7BF6723B7F56000DE70BB /* FixturesTableViewCell.xib */,
				021A59D523D4F1C1005DE007 /* FixtureDetailTableViewCell.swift */,
				021A59D623D4F1C1005DE007 /* FixtureDetailTableViewCell.xib */,
				0282C7FB24066A8400259BEF /* SettingsTableViewCell.swift */,
				0282C7FC24066A8400259BEF /* SettingsTableViewCell.xib */,
			);
			path = Views;
			sourceTree = "<group>";
		};
		2A7E7159D212AD018D13AE74 /* Frameworks */ = {
			isa = PBXGroup;
			children = (
				3625DBE16623C89D5A607B62 /* Pods_TBG2.framework */,
			);
			name = Frameworks;
			sourceTree = "<group>";
		};
		8C194D163F31E37D8C6E8541 /* Pods */ = {
			isa = PBXGroup;
			children = (
				1D356E5A8C7F50F9E85087E0 /* Pods-TBG2.debug.xcconfig */,
				B8160CFC5784725282E5F863 /* Pods-TBG2.release.xcconfig */,
			);
			name = Pods;
			sourceTree = "<group>";
		};
/* End PBXGroup section */

/* Begin PBXNativeTarget section */
		027A08BD2318248300B0DF59 /* TBG2 */ = {
			isa = PBXNativeTarget;
			buildConfigurationList = 027A08D52318248900B0DF59 /* Build configuration list for PBXNativeTarget "TBG2" */;
			buildPhases = (
				17D62DE4FB1DF81769AE1335 /* [CP] Check Pods Manifest.lock */,
				027A08BA2318248300B0DF59 /* Sources */,
				027A08BB2318248300B0DF59 /* Frameworks */,
				027A08BC2318248300B0DF59 /* Resources */,
				3181D44F0307CFF713930567 /* [CP] Embed Pods Frameworks */,
			);
			buildRules = (
			);
			dependencies = (
			);
			name = TBG2;
			productName = TBG2;
			productReference = 027A08BE2318248300B0DF59 /* TBG2.app */;
			productType = "com.apple.product-type.application";
		};
/* End PBXNativeTarget section */

/* Begin PBXProject section */
		027A08B62318248300B0DF59 /* Project object */ = {
			isa = PBXProject;
			attributes = {
				LastSwiftUpdateCheck = 1100;
				LastUpgradeCheck = 1100;
				ORGANIZATIONNAME = "Kris Reid";
				TargetAttributes = {
					027A08BD2318248300B0DF59 = {
						CreatedOnToolsVersion = 11.0;
					};
				};
			};
			buildConfigurationList = 027A08B92318248300B0DF59 /* Build configuration list for PBXProject "TBG2" */;
			compatibilityVersion = "Xcode 9.3";
			developmentRegion = en;
			hasScannedForEncodings = 0;
			knownRegions = (
				en,
				Base,
			);
			mainGroup = 027A08B52318248300B0DF59;
			productRefGroup = 027A08BF2318248300B0DF59 /* Products */;
			projectDirPath = "";
			projectRoot = "";
			targets = (
				027A08BD2318248300B0DF59 /* TBG2 */,
			);
		};
/* End PBXProject section */

/* Begin PBXResourcesBuildPhase section */
		027A08BC2318248300B0DF59 /* Resources */ = {
			isa = PBXResourcesBuildPhase;
			buildActionMask = 2147483647;
			files = (
				0282C7FE24066A8400259BEF /* SettingsTableViewCell.xib in Resources */,
				0288B22023683A600014DA4E /* Fixtures.storyboard in Resources */,
				027A08D12318248900B0DF59 /* LaunchScreen.storyboard in Resources */,
				0288B226236AD9B40014DA4E /* Settings.storyboard in Resources */,
				02F7BF6423B6400200DE70BB /* ShareTableViewCell.xib in Resources */,
				02821A132398F68A0090E400 /* Slide.xib in Resources */,
				0231525323F03A2100AAFB0B /* GoogleService-Info.plist in Resources */,
				0288B224236AD9540014DA4E /* Team.storyboard in Resources */,
				02F7BF6923B7F56000DE70BB /* FixturesTableViewCell.xib in Resources */,
				026F1E78238295EE00682063 /* TeamTableViewCell.xib in Resources */,
				021A59D823D4F1C1005DE007 /* FixtureDetailTableViewCell.xib in Resources */,
				027A08CE2318248900B0DF59 /* Assets.xcassets in Resources */,
				0231525723F095C200AAFB0B /* Login.storyboard in Resources */,
			);
			runOnlyForDeploymentPostprocessing = 0;
		};
/* End PBXResourcesBuildPhase section */

/* Begin PBXShellScriptBuildPhase section */
		17D62DE4FB1DF81769AE1335 /* [CP] Check Pods Manifest.lock */ = {
			isa = PBXShellScriptBuildPhase;
			buildActionMask = 2147483647;
			files = (
			);
			inputPaths = (
				"${PODS_PODFILE_DIR_PATH}/Podfile.lock",
				"${PODS_ROOT}/Manifest.lock",
			);
			name = "[CP] Check Pods Manifest.lock";
			outputPaths = (
				"$(DERIVED_FILE_DIR)/Pods-TBG2-checkManifestLockResult.txt",
			);
			runOnlyForDeploymentPostprocessing = 0;
			shellPath = /bin/sh;
			shellScript = "diff \"${PODS_PODFILE_DIR_PATH}/Podfile.lock\" \"${PODS_ROOT}/Manifest.lock\" > /dev/null\nif [ $? != 0 ] ; then\n    # print error to STDERR\n    echo \"error: The sandbox is not in sync with the Podfile.lock. Run 'pod install' or update your CocoaPods installation.\" >&2\n    exit 1\nfi\n# This output is used by Xcode 'outputs' to avoid re-running this script phase.\necho \"SUCCESS\" > \"${SCRIPT_OUTPUT_FILE_0}\"\n";
			showEnvVarsInLog = 0;
		};
		3181D44F0307CFF713930567 /* [CP] Embed Pods Frameworks */ = {
			isa = PBXShellScriptBuildPhase;
			buildActionMask = 2147483647;
			files = (
			);
			inputPaths = (
				"${SRCROOT}/Pods/Target Support Files/Pods-TBG2/Pods-TBG2-frameworks.sh",
				"${BUILT_PRODUCTS_DIR}/GTMSessionFetcher/GTMSessionFetcher.framework",
				"${BUILT_PRODUCTS_DIR}/GoogleUtilities/GoogleUtilities.framework",
				"${BUILT_PRODUCTS_DIR}/leveldb-library/leveldb.framework",
				"${BUILT_PRODUCTS_DIR}/nanopb/nanopb.framework",
			);
			name = "[CP] Embed Pods Frameworks";
			outputPaths = (
				"${TARGET_BUILD_DIR}/${FRAMEWORKS_FOLDER_PATH}/GTMSessionFetcher.framework",
				"${TARGET_BUILD_DIR}/${FRAMEWORKS_FOLDER_PATH}/GoogleUtilities.framework",
				"${TARGET_BUILD_DIR}/${FRAMEWORKS_FOLDER_PATH}/leveldb.framework",
				"${TARGET_BUILD_DIR}/${FRAMEWORKS_FOLDER_PATH}/nanopb.framework",
			);
			runOnlyForDeploymentPostprocessing = 0;
			shellPath = /bin/sh;
			shellScript = "\"${SRCROOT}/Pods/Target Support Files/Pods-TBG2/Pods-TBG2-frameworks.sh\"\n";
			showEnvVarsInLog = 0;
		};
/* End PBXShellScriptBuildPhase section */

/* Begin PBXSourcesBuildPhase section */
		027A08BA2318248300B0DF59 /* Sources */ = {
			isa = PBXSourcesBuildPhase;
			buildActionMask = 2147483647;
			files = (
				02F7BF5F23B12CBD00DE70BB /* ShareTeamViewController.swift in Sources */,
				027A08CC2318248300B0DF59 /* TBG2.xcdatamodeld in Sources */,
				026F1E702381CA9400682063 /* TeamData.swift in Sources */,
				02F7BF6823B7F56000DE70BB /* FixturesTableViewCell.swift in Sources */,
				0282C80224085ECB00259BEF /* ManagersViewController.swift in Sources */,
				02F7BF6B23B8984B00DE70BB /* AddFixtureViewController.swift in Sources */,
				026F1E722381CC5600682063 /* PlayerData.swift in Sources */,
				0288B25F236F44F60014DA4E /* TeamViewController.swift in Sources */,
				021A59D723D4F1C1005DE007 /* FixtureDetailTableViewCell.swift in Sources */,
				0231525523F0426300AAFB0B /* Helper.swift in Sources */,
				0288B25B236F44B60014DA4E /* FixturesViewController.swift in Sources */,
				0231525923F0A8F600AAFB0B /* LoginViewController.swift in Sources */,
				025280EA24032E18002DB761 /* CreateTeamViewController.swift in Sources */,
				02F7BF6323B6400200DE70BB /* ShareTableViewCell.swift in Sources */,
				027A08C42318248300B0DF59 /* SceneDelegate.swift in Sources */,
				02821A15239A811A0090E400 /* Extensions.swift in Sources */,
				0282C804240863FC00259BEF /* SeasonSettingsViewController.swift in Sources */,
				0288B25D236F44D20014DA4E /* SettingsViewController.swift in Sources */,
				026F1E77238295EE00682063 /* TeamTableViewCell.swift in Sources */,
				0282C7FD24066A8400259BEF /* SettingsTableViewCell.swift in Sources */,
				02821A0F2395C1260090E400 /* PlayerDetailViewController.swift in Sources */,
				02821A112398F5E50090E400 /* Slide.swift in Sources */,
				0282C7F52405CD8400259BEF /* JoinTeamViewController.swift in Sources */,
				0282C80024085E7F00259BEF /* TeamInformationViewController.swift in Sources */,
				027A08C22318248300B0DF59 /* AppDelegate.swift in Sources */,
				0282C806240C27B000259BEF /* FixtureInformationViewController.swift in Sources */,
				0231525B23F60B7B00AAFB0B /* SignupViewController.swift in Sources */,
				02821A0D2395AAD30090E400 /* TeamPinViewController.swift in Sources */,
			);
			runOnlyForDeploymentPostprocessing = 0;
		};
/* End PBXSourcesBuildPhase section */

/* Begin PBXVariantGroup section */
		027A08CF2318248900B0DF59 /* LaunchScreen.storyboard */ = {
			isa = PBXVariantGroup;
			children = (
				027A08D02318248900B0DF59 /* Base */,
			);
			name = LaunchScreen.storyboard;
			sourceTree = "<group>";
		};
/* End PBXVariantGroup section */

/* Begin XCBuildConfiguration section */
		027A08D32318248900B0DF59 /* Debug */ = {
			isa = XCBuildConfiguration;
			buildSettings = {
				ALWAYS_SEARCH_USER_PATHS = NO;
				CLANG_ANALYZER_NONNULL = YES;
				CLANG_ANALYZER_NUMBER_OBJECT_CONVERSION = YES_AGGRESSIVE;
				CLANG_CXX_LANGUAGE_STANDARD = "gnu++14";
				CLANG_CXX_LIBRARY = "libc++";
				CLANG_ENABLE_MODULES = YES;
				CLANG_ENABLE_OBJC_ARC = YES;
				CLANG_ENABLE_OBJC_WEAK = YES;
				CLANG_WARN_BLOCK_CAPTURE_AUTORELEASING = YES;
				CLANG_WARN_BOOL_CONVERSION = YES;
				CLANG_WARN_COMMA = YES;
				CLANG_WARN_CONSTANT_CONVERSION = YES;
				CLANG_WARN_DEPRECATED_OBJC_IMPLEMENTATIONS = YES;
				CLANG_WARN_DIRECT_OBJC_ISA_USAGE = YES_ERROR;
				CLANG_WARN_DOCUMENTATION_COMMENTS = YES;
				CLANG_WARN_EMPTY_BODY = YES;
				CLANG_WARN_ENUM_CONVERSION = YES;
				CLANG_WARN_INFINITE_RECURSION = YES;
				CLANG_WARN_INT_CONVERSION = YES;
				CLANG_WARN_NON_LITERAL_NULL_CONVERSION = YES;
				CLANG_WARN_OBJC_IMPLICIT_RETAIN_SELF = YES;
				CLANG_WARN_OBJC_LITERAL_CONVERSION = YES;
				CLANG_WARN_OBJC_ROOT_CLASS = YES_ERROR;
				CLANG_WARN_RANGE_LOOP_ANALYSIS = YES;
				CLANG_WARN_STRICT_PROTOTYPES = YES;
				CLANG_WARN_SUSPICIOUS_MOVE = YES;
				CLANG_WARN_UNGUARDED_AVAILABILITY = YES_AGGRESSIVE;
				CLANG_WARN_UNREACHABLE_CODE = YES;
				CLANG_WARN__DUPLICATE_METHOD_MATCH = YES;
				COPY_PHASE_STRIP = NO;
				DEBUG_INFORMATION_FORMAT = dwarf;
				ENABLE_STRICT_OBJC_MSGSEND = YES;
				ENABLE_TESTABILITY = YES;
				GCC_C_LANGUAGE_STANDARD = gnu11;
				GCC_DYNAMIC_NO_PIC = NO;
				GCC_NO_COMMON_BLOCKS = YES;
				GCC_OPTIMIZATION_LEVEL = 0;
				GCC_PREPROCESSOR_DEFINITIONS = (
					"DEBUG=1",
					"$(inherited)",
				);
				GCC_WARN_64_TO_32_BIT_CONVERSION = YES;
				GCC_WARN_ABOUT_RETURN_TYPE = YES_ERROR;
				GCC_WARN_UNDECLARED_SELECTOR = YES;
				GCC_WARN_UNINITIALIZED_AUTOS = YES_AGGRESSIVE;
				GCC_WARN_UNUSED_FUNCTION = YES;
				GCC_WARN_UNUSED_VARIABLE = YES;
				IPHONEOS_DEPLOYMENT_TARGET = 13.1;
				MTL_ENABLE_DEBUG_INFO = INCLUDE_SOURCE;
				MTL_FAST_MATH = YES;
				ONLY_ACTIVE_ARCH = YES;
				SDKROOT = iphoneos;
				SWIFT_ACTIVE_COMPILATION_CONDITIONS = DEBUG;
				SWIFT_OPTIMIZATION_LEVEL = "-Onone";
			};
			name = Debug;
		};
		027A08D42318248900B0DF59 /* Release */ = {
			isa = XCBuildConfiguration;
			buildSettings = {
				ALWAYS_SEARCH_USER_PATHS = NO;
				CLANG_ANALYZER_NONNULL = YES;
				CLANG_ANALYZER_NUMBER_OBJECT_CONVERSION = YES_AGGRESSIVE;
				CLANG_CXX_LANGUAGE_STANDARD = "gnu++14";
				CLANG_CXX_LIBRARY = "libc++";
				CLANG_ENABLE_MODULES = YES;
				CLANG_ENABLE_OBJC_ARC = YES;
				CLANG_ENABLE_OBJC_WEAK = YES;
				CLANG_WARN_BLOCK_CAPTURE_AUTORELEASING = YES;
				CLANG_WARN_BOOL_CONVERSION = YES;
				CLANG_WARN_COMMA = YES;
				CLANG_WARN_CONSTANT_CONVERSION = YES;
				CLANG_WARN_DEPRECATED_OBJC_IMPLEMENTATIONS = YES;
				CLANG_WARN_DIRECT_OBJC_ISA_USAGE = YES_ERROR;
				CLANG_WARN_DOCUMENTATION_COMMENTS = YES;
				CLANG_WARN_EMPTY_BODY = YES;
				CLANG_WARN_ENUM_CONVERSION = YES;
				CLANG_WARN_INFINITE_RECURSION = YES;
				CLANG_WARN_INT_CONVERSION = YES;
				CLANG_WARN_NON_LITERAL_NULL_CONVERSION = YES;
				CLANG_WARN_OBJC_IMPLICIT_RETAIN_SELF = YES;
				CLANG_WARN_OBJC_LITERAL_CONVERSION = YES;
				CLANG_WARN_OBJC_ROOT_CLASS = YES_ERROR;
				CLANG_WARN_RANGE_LOOP_ANALYSIS = YES;
				CLANG_WARN_STRICT_PROTOTYPES = YES;
				CLANG_WARN_SUSPICIOUS_MOVE = YES;
				CLANG_WARN_UNGUARDED_AVAILABILITY = YES_AGGRESSIVE;
				CLANG_WARN_UNREACHABLE_CODE = YES;
				CLANG_WARN__DUPLICATE_METHOD_MATCH = YES;
				COPY_PHASE_STRIP = NO;
				DEBUG_INFORMATION_FORMAT = "dwarf-with-dsym";
				ENABLE_NS_ASSERTIONS = NO;
				ENABLE_STRICT_OBJC_MSGSEND = YES;
				GCC_C_LANGUAGE_STANDARD = gnu11;
				GCC_NO_COMMON_BLOCKS = YES;
				GCC_WARN_64_TO_32_BIT_CONVERSION = YES;
				GCC_WARN_ABOUT_RETURN_TYPE = YES_ERROR;
				GCC_WARN_UNDECLARED_SELECTOR = YES;
				GCC_WARN_UNINITIALIZED_AUTOS = YES_AGGRESSIVE;
				GCC_WARN_UNUSED_FUNCTION = YES;
				GCC_WARN_UNUSED_VARIABLE = YES;
				IPHONEOS_DEPLOYMENT_TARGET = 13.1;
				MTL_ENABLE_DEBUG_INFO = NO;
				MTL_FAST_MATH = YES;
				SDKROOT = iphoneos;
				SWIFT_COMPILATION_MODE = wholemodule;
				SWIFT_OPTIMIZATION_LEVEL = "-O";
				VALIDATE_PRODUCT = YES;
			};
			name = Release;
		};
		027A08D62318248900B0DF59 /* Debug */ = {
			isa = XCBuildConfiguration;
			baseConfigurationReference = 1D356E5A8C7F50F9E85087E0 /* Pods-TBG2.debug.xcconfig */;
			buildSettings = {
				ASSETCATALOG_COMPILER_APPICON_NAME = AppIcon;
				CODE_SIGN_IDENTITY = "iPhone Developer";
				CODE_SIGN_STYLE = Automatic;
				CURRENT_PROJECT_VERSION = 1;
				DEVELOPMENT_TEAM = S9H4B38ZQN;
				INFOPLIST_FILE = TBG2/Info.plist;
				IPHONEOS_DEPLOYMENT_TARGET = 13.1;
				LD_RUNPATH_SEARCH_PATHS = (
					"$(inherited)",
					"@executable_path/Frameworks",
				);
				PRODUCT_BUNDLE_IDENTIFIER = uk.co.krisreid.TBG2;
				PRODUCT_NAME = "$(TARGET_NAME)";
				PROVISIONING_PROFILE_SPECIFIER = "";
				SWIFT_VERSION = 5.0;
				TARGETED_DEVICE_FAMILY = 1;
				VERSIONING_SYSTEM = "apple-generic";
			};
			name = Debug;
		};
		027A08D72318248900B0DF59 /* Release */ = {
			isa = XCBuildConfiguration;
			baseConfigurationReference = B8160CFC5784725282E5F863 /* Pods-TBG2.release.xcconfig */;
			buildSettings = {
				ASSETCATALOG_COMPILER_APPICON_NAME = AppIcon;
				CODE_SIGN_IDENTITY = "iPhone Developer";
				CODE_SIGN_STYLE = Automatic;
				CURRENT_PROJECT_VERSION = 1;
				DEVELOPMENT_TEAM = S9H4B38ZQN;
				INFOPLIST_FILE = TBG2/Info.plist;
				IPHONEOS_DEPLOYMENT_TARGET = 13.1;
				LD_RUNPATH_SEARCH_PATHS = (
					"$(inherited)",
					"@executable_path/Frameworks",
				);
				PRODUCT_BUNDLE_IDENTIFIER = uk.co.krisreid.TBG2;
				PRODUCT_NAME = "$(TARGET_NAME)";
				PROVISIONING_PROFILE_SPECIFIER = "";
				SWIFT_VERSION = 5.0;
				TARGETED_DEVICE_FAMILY = 1;
				VERSIONING_SYSTEM = "apple-generic";
			};
			name = Release;
		};
/* End XCBuildConfiguration section */

/* Begin XCConfigurationList section */
		027A08B92318248300B0DF59 /* Build configuration list for PBXProject "TBG2" */ = {
			isa = XCConfigurationList;
			buildConfigurations = (
				027A08D32318248900B0DF59 /* Debug */,
				027A08D42318248900B0DF59 /* Release */,
			);
			defaultConfigurationIsVisible = 0;
			defaultConfigurationName = Release;
		};
		027A08D52318248900B0DF59 /* Build configuration list for PBXNativeTarget "TBG2" */ = {
			isa = XCConfigurationList;
			buildConfigurations = (
				027A08D62318248900B0DF59 /* Debug */,
				027A08D72318248900B0DF59 /* Release */,
			);
			defaultConfigurationIsVisible = 0;
			defaultConfigurationName = Release;
		};
/* End XCConfigurationList section */

/* Begin XCVersionGroup section */
		027A08CA2318248300B0DF59 /* TBG2.xcdatamodeld */ = {
			isa = XCVersionGroup;
			children = (
				027A08CB2318248300B0DF59 /* TBG2.xcdatamodel */,
			);
			currentVersion = 027A08CB2318248300B0DF59 /* TBG2.xcdatamodel */;
			path = TBG2.xcdatamodeld;
			sourceTree = "<group>";
			versionGroupType = wrapper.xcdatamodel;
		};
/* End XCVersionGroup section */
	};
	rootObject = 027A08B62318248300B0DF59 /* Project object */;
}
